github.com/divoxx/goRailsYourself v0.0.0-20150818201947-3fe8d02f099f h1:jx31MCT3aPNLMLEYbaEg5fauKAtBmyb8iM48QxTmE98=
github.com/divoxx/goRailsYourself v0.0.0-20150818201947-3fe8d02f099f/go.mod h1:D2BDDdHBTYnRHaA+Eo6SqJnkkyk+AfTI2Qb49UveB4E=
github.com/franela/goblin v0.0.0-20211003143422-0a4f594942bf h1:NrF81UtW8gG2LBGkXFQFqlfNnvMt9WdB46sfdJY4oqc=
github.com/franela/goblin v0.0.0-20211003143422-0a4f594942bf/go.mod h1:VzmDKDJVZI3aJmnRI9VjAn9nJ8qPPsN1fqzr9dqInIo=
golang.org/x/crypto v0.35.0 h1:b15kiHdrGCHrP6LvwaQ3c03kgNhhiMgvlhxHQhmg2Xs=
golang.org/x/crypto v0.35.0/go.mod h1:dy7dXNW32cAb/6/PRuTNsix8T+vJAqvuIy5Bli/x0YQ=
